// !$*UTF8*$!
{
	archiveVersion = 1;
	classes = {
	};
	objectVersion = 50;
	objects = {

/* Begin PBXBuildFile section */
		04C752FE2520C397004C9B82 /* AppDelegate.swift in Sources */ = {isa = PBXBuildFile; fileRef = 04C752FD2520C397004C9B82 /* AppDelegate.swift */; };
		04C753002520C397004C9B82 /* SceneDelegate.swift in Sources */ = {isa = PBXBuildFile; fileRef = 04C752FF2520C397004C9B82 /* SceneDelegate.swift */; };
		04C753022520C397004C9B82 /* MapViewController.swift in Sources */ = {isa = PBXBuildFile; fileRef = 04C753012520C397004C9B82 /* MapViewController.swift */; };
		04C753052520C398004C9B82 /* Main.storyboard in Resources */ = {isa = PBXBuildFile; fileRef = 04C753032520C397004C9B82 /* Main.storyboard */; };
		04C753072520C399004C9B82 /* Assets.xcassets in Resources */ = {isa = PBXBuildFile; fileRef = 04C753062520C399004C9B82 /* Assets.xcassets */; };
		04C7530A2520C399004C9B82 /* LaunchScreen.storyboard in Resources */ = {isa = PBXBuildFile; fileRef = 04C753082520C399004C9B82 /* LaunchScreen.storyboard */; };
		04C753152520C39A004C9B82 /* MapAppTests.swift in Sources */ = {isa = PBXBuildFile; fileRef = 04C753142520C39A004C9B82 /* MapAppTests.swift */; };
		04C753202520C39A004C9B82 /* MapAppUITests.swift in Sources */ = {isa = PBXBuildFile; fileRef = 04C7531F2520C39A004C9B82 /* MapAppUITests.swift */; };
/* End PBXBuildFile section */

/* Begin PBXContainerItemProxy section */
		04C753112520C39A004C9B82 /* PBXContainerItemProxy */ = {
			isa = PBXContainerItemProxy;
			containerPortal = 04C752F22520C397004C9B82 /* Project object */;
			proxyType = 1;
			remoteGlobalIDString = 04C752F92520C397004C9B82;
			remoteInfo = MapApp;
		};
		04C7531C2520C39A004C9B82 /* PBXContainerItemProxy */ = {
			isa = PBXContainerItemProxy;
			containerPortal = 04C752F22520C397004C9B82 /* Project object */;
			proxyType = 1;
			remoteGlobalIDString = 04C752F92520C397004C9B82;
			remoteInfo = MapApp;
		};
/* End PBXContainerItemProxy section */

/* Begin PBXFileReference section */
		04C752FA2520C397004C9B82 /* MapApp.app */ = {isa = PBXFileReference; explicitFileType = wrapper.application; includeInIndex = 0; path = MapApp.app; sourceTree = BUILT_PRODUCTS_DIR; };
		04C752FD2520C397004C9B82 /* AppDelegate.swift */ = {isa = PBXFileReference; lastKnownFileType = sourcecode.swift; path = AppDelegate.swift; sourceTree = "<group>"; };
		04C752FF2520C397004C9B82 /* SceneDelegate.swift */ = {isa = PBXFileReference; lastKnownFileType = sourcecode.swift; path = SceneDelegate.swift; sourceTree = "<group>"; };
		04C753012520C397004C9B82 /* MapViewController.swift */ = {isa = PBXFileReference; lastKnownFileType = sourcecode.swift; path = MapViewController.swift; sourceTree = "<group>"; };
		04C753042520C397004C9B82 /* Base */ = {isa = PBXFileReference; lastKnownFileType = file.storyboard; name = Base; path = Base.lproj/Main.storyboard; sourceTree = "<group>"; };
		04C753062520C399004C9B82 /* Assets.xcassets */ = {isa = PBXFileReference; lastKnownFileType = folder.assetcatalog; path = Assets.xcassets; sourceTree = "<group>"; };
		04C753092520C399004C9B82 /* Base */ = {isa = PBXFileReference; lastKnownFileType = file.storyboard; name = Base; path = Base.lproj/LaunchScreen.storyboard; sourceTree = "<group>"; };
		04C7530B2520C399004C9B82 /* Info.plist */ = {isa = PBXFileReference; lastKnownFileType = text.plist.xml; path = Info.plist; sourceTree = "<group>"; };
		04C753102520C39A004C9B82 /* MapAppTests.xctest */ = {isa = PBXFileReference; explicitFileType = wrapper.cfbundle; includeInIndex = 0; path = MapAppTests.xctest; sourceTree = BUILT_PRODUCTS_DIR; };
		04C753142520C39A004C9B82 /* MapAppTests.swift */ = {isa = PBXFileReference; lastKnownFileType = sourcecode.swift; path = MapAppTests.swift; sourceTree = "<group>"; };
		04C753162520C39A004C9B82 /* Info.plist */ = {isa = PBXFileReference; lastKnownFileType = text.plist.xml; path = Info.plist; sourceTree = "<group>"; };
		04C7531B2520C39A004C9B82 /* MapAppUITests.xctest */ = {isa = PBXFileReference; explicitFileType = wrapper.cfbundle; includeInIndex = 0; path = MapAppUITests.xctest; sourceTree = BUILT_PRODUCTS_DIR; };
		04C7531F2520C39A004C9B82 /* MapAppUITests.swift */ = {isa = PBXFileReference; lastKnownFileType = sourcecode.swift; path = MapAppUITests.swift; sourceTree = "<group>"; };
		04C753212520C39A004C9B82 /* Info.plist */ = {isa = PBXFileReference; lastKnownFileType = text.plist.xml; path = Info.plist; sourceTree = "<group>"; };
/* End PBXFileReference section */

/* Begin PBXFrameworksBuildPhase section */
		04C752F72520C397004C9B82 /* Frameworks */ = {
			isa = PBXFrameworksBuildPhase;
			buildActionMask = 2147483647;
			files = (
			);
			runOnlyForDeploymentPostprocessing = 0;
		};
		04C7530D2520C39A004C9B82 /* Frameworks */ = {
			isa = PBXFrameworksBuildPhase;
			buildActionMask = 2147483647;
			files = (
			);
			runOnlyForDeploymentPostprocessing = 0;
		};
		04C753182520C39A004C9B82 /* Frameworks */ = {
			isa = PBXFrameworksBuildPhase;
			buildActionMask = 2147483647;
			files = (
			);
			runOnlyForDeploymentPostprocessing = 0;
		};
/* End PBXFrameworksBuildPhase section */

/* Begin PBXGroup section */
		04C752F12520C397004C9B82 = {
			isa = PBXGroup;
			children = (
				04C752FC2520C397004C9B82 /* MapApp */,
				04C753132520C39A004C9B82 /* MapAppTests */,
				04C7531E2520C39A004C9B82 /* MapAppUITests */,
				04C752FB2520C397004C9B82 /* Products */,
			);
			sourceTree = "<group>";
		};
		04C752FB2520C397004C9B82 /* Products */ = {
			isa = PBXGroup;
			children = (
				04C752FA2520C397004C9B82 /* MapApp.app */,
				04C753102520C39A004C9B82 /* MapAppTests.xctest */,
				04C7531B2520C39A004C9B82 /* MapAppUITests.xctest */,
			);
			name = Products;
			sourceTree = "<group>";
		};
		04C752FC2520C397004C9B82 /* MapApp */ = {
			isa = PBXGroup;
			children = (
				04C752FD2520C397004C9B82 /* AppDelegate.swift */,
				04C752FF2520C397004C9B82 /* SceneDelegate.swift */,
				04C753012520C397004C9B82 /* MapViewController.swift */,
				04C753032520C397004C9B82 /* Main.storyboard */,
				04C753062520C399004C9B82 /* Assets.xcassets */,
				04C753082520C399004C9B82 /* LaunchScreen.storyboard */,
				04C7530B2520C399004C9B82 /* Info.plist */,
			);
			path = MapApp;
			sourceTree = "<group>";
		};
		04C753132520C39A004C9B82 /* MapAppTests */ = {
			isa = PBXGroup;
			children = (
				04C753142520C39A004C9B82 /* MapAppTests.swift */,
				04C753162520C39A004C9B82 /* Info.plist */,
			);
			path = MapAppTests;
			sourceTree = "<group>";
		};
		04C7531E2520C39A004C9B82 /* MapAppUITests */ = {
			isa = PBXGroup;
			children = (
				04C7531F2520C39A004C9B82 /* MapAppUITests.swift */,
				04C753212520C39A004C9B82 /* Info.plist */,
			);
			path = MapAppUITests;
			sourceTree = "<group>";
		};
/* End PBXGroup section */

/* Begin PBXNativeTarget section */
		04C752F92520C397004C9B82 /* MapApp */ = {
			isa = PBXNativeTarget;
			buildConfigurationList = 04C753242520C39A004C9B82 /* Build configuration list for PBXNativeTarget "MapApp" */;
			buildPhases = (
				04C752F62520C397004C9B82 /* Sources */,
				04C752F72520C397004C9B82 /* Frameworks */,
				04C752F82520C397004C9B82 /* Resources */,
			);
			buildRules = (
			);
			dependencies = (
			);
			name = MapApp;
			productName = MapApp;
			productReference = 04C752FA2520C397004C9B82 /* MapApp.app */;
			productType = "com.apple.product-type.application";
		};
		04C7530F2520C39A004C9B82 /* MapAppTests */ = {
			isa = PBXNativeTarget;
			buildConfigurationList = 04C753272520C39A004C9B82 /* Build configuration list for PBXNativeTarget "MapAppTests" */;
			buildPhases = (
				04C7530C2520C39A004C9B82 /* Sources */,
				04C7530D2520C39A004C9B82 /* Frameworks */,
				04C7530E2520C39A004C9B82 /* Resources */,
			);
			buildRules = (
			);
			dependencies = (
				04C753122520C39A004C9B82 /* PBXTargetDependency */,
			);
			name = MapAppTests;
			productName = MapAppTests;
			productReference = 04C753102520C39A004C9B82 /* MapAppTests.xctest */;
			productType = "com.apple.product-type.bundle.unit-test";
		};
		04C7531A2520C39A004C9B82 /* MapAppUITests */ = {
			isa = PBXNativeTarget;
			buildConfigurationList = 04C7532A2520C39A004C9B82 /* Build configuration list for PBXNativeTarget "MapAppUITests" */;
			buildPhases = (
				04C753172520C39A004C9B82 /* Sources */,
				04C753182520C39A004C9B82 /* Frameworks */,
				04C753192520C39A004C9B82 /* Resources */,
			);
			buildRules = (
			);
			dependencies = (
				04C7531D2520C39A004C9B82 /* PBXTargetDependency */,
			);
			name = MapAppUITests;
			productName = MapAppUITests;
			productReference = 04C7531B2520C39A004C9B82 /* MapAppUITests.xctest */;
			productType = "com.apple.product-type.bundle.ui-testing";
		};
/* End PBXNativeTarget section */

/* Begin PBXProject section */
		04C752F22520C397004C9B82 /* Project object */ = {
			isa = PBXProject;
			attributes = {
				LastSwiftUpdateCheck = 1200;
				LastUpgradeCheck = 1200;
				TargetAttributes = {
					04C752F92520C397004C9B82 = {
						CreatedOnToolsVersion = 12.0.1;
					};
					04C7530F2520C39A004C9B82 = {
						CreatedOnToolsVersion = 12.0.1;
						TestTargetID = 04C752F92520C397004C9B82;
					};
					04C7531A2520C39A004C9B82 = {
						CreatedOnToolsVersion = 12.0.1;
						TestTargetID = 04C752F92520C397004C9B82;
					};
				};
			};
			buildConfigurationList = 04C752F52520C397004C9B82 /* Build configuration list for PBXProject "MapApp" */;
			compatibilityVersion = "Xcode 9.3";
			developmentRegion = en;
			hasScannedForEncodings = 0;
			knownRegions = (
				en,
				Base,
			);
			mainGroup = 04C752F12520C397004C9B82;
			productRefGroup = 04C752FB2520C397004C9B82 /* Products */;
			projectDirPath = "";
			projectRoot = "";
			targets = (
				04C752F92520C397004C9B82 /* MapApp */,
				04C7530F2520C39A004C9B82 /* MapAppTests */,
				04C7531A2520C39A004C9B82 /* MapAppUITests */,
			);
		};
/* End PBXProject section */

/* Begin PBXResourcesBuildPhase section */
		04C752F82520C397004C9B82 /* Resources */ = {
			isa = PBXResourcesBuildPhase;
			buildActionMask = 2147483647;
			files = (
				04C7530A2520C399004C9B82 /* LaunchScreen.storyboard in Resources */,
				04C753072520C399004C9B82 /* Assets.xcassets in Resources */,
				04C753052520C398004C9B82 /* Main.storyboard in Resources */,
			);
			runOnlyForDeploymentPostprocessing = 0;
		};
		04C7530E2520C39A004C9B82 /* Resources */ = {
			isa = PBXResourcesBuildPhase;
			buildActionMask = 2147483647;
			files = (
			);
			runOnlyForDeploymentPostprocessing = 0;
		};
		04C753192520C39A004C9B82 /* Resources */ = {
			isa = PBXResourcesBuildPhase;
			buildActionMask = 2147483647;
			files = (
			);
			runOnlyForDeploymentPostprocessing = 0;
		};
/* End PBXResourcesBuildPhase section */

/* Begin PBXSourcesBuildPhase section */
		04C752F62520C397004C9B82 /* Sources */ = {
			isa = PBXSourcesBuildPhase;
			buildActionMask = 2147483647;
			files = (
				04C753022520C397004C9B82 /* MapViewController.swift in Sources */,
				04C752FE2520C397004C9B82 /* AppDelegate.swift in Sources */,
				04C753002520C397004C9B82 /* SceneDelegate.swift in Sources */,
			);
			runOnlyForDeploymentPostprocessing = 0;
		};
		04C7530C2520C39A004C9B82 /* Sources */ = {
			isa = PBXSourcesBuildPhase;
			buildActionMask = 2147483647;
			files = (
				04C753152520C39A004C9B82 /* MapAppTests.swift in Sources */,
			);
			runOnlyForDeploymentPostprocessing = 0;
		};
		04C753172520C39A004C9B82 /* Sources */ = {
			isa = PBXSourcesBuildPhase;
			buildActionMask = 2147483647;
			files = (
				04C753202520C39A004C9B82 /* MapAppUITests.swift in Sources */,
			);
			runOnlyForDeploymentPostprocessing = 0;
		};
/* End PBXSourcesBuildPhase section */

/* Begin PBXTargetDependency section */
		04C753122520C39A004C9B82 /* PBXTargetDependency */ = {
			isa = PBXTargetDependency;
			target = 04C752F92520C397004C9B82 /* MapApp */;
			targetProxy = 04C753112520C39A004C9B82 /* PBXContainerItemProxy */;
		};
		04C7531D2520C39A004C9B82 /* PBXTargetDependency */ = {
			isa = PBXTargetDependency;
			target = 04C752F92520C397004C9B82 /* MapApp */;
			targetProxy = 04C7531C2520C39A004C9B82 /* PBXContainerItemProxy */;
		};
/* End PBXTargetDependency section */

/* Begin PBXVariantGroup section */
		04C753032520C397004C9B82 /* Main.storyboard */ = {
			isa = PBXVariantGroup;
			children = (
				04C753042520C397004C9B82 /* Base */,
			);
			name = Main.storyboard;
			sourceTree = "<group>";
		};
		04C753082520C399004C9B82 /* LaunchScreen.storyboard */ = {
			isa = PBXVariantGroup;
			children = (
				04C753092520C399004C9B82 /* Base */,
			);
			name = LaunchScreen.storyboard;
			sourceTree = "<group>";
		};
/* End PBXVariantGroup section */

/* Begin XCBuildConfiguration section */
		04C753222520C39A004C9B82 /* Debug */ = {
			isa = XCBuildConfiguration;
			buildSettings = {
				ALWAYS_SEARCH_USER_PATHS = NO;
				CLANG_ANALYZER_NONNULL = YES;
				CLANG_ANALYZER_NUMBER_OBJECT_CONVERSION = YES_AGGRESSIVE;
				CLANG_CXX_LANGUAGE_STANDARD = "gnu++14";
				CLANG_CXX_LIBRARY = "libc++";
				CLANG_ENABLE_MODULES = YES;
				CLANG_ENABLE_OBJC_ARC = YES;
				CLANG_ENABLE_OBJC_WEAK = YES;
				CLANG_WARN_BLOCK_CAPTURE_AUTORELEASING = YES;
				CLANG_WARN_BOOL_CONVERSION = YES;
				CLANG_WARN_COMMA = YES;
				CLANG_WARN_CONSTANT_CONVERSION = YES;
				CLANG_WARN_DEPRECATED_OBJC_IMPLEMENTATIONS = YES;
				CLANG_WARN_DIRECT_OBJC_ISA_USAGE = YES_ERROR;
				CLANG_WARN_DOCUMENTATION_COMMENTS = YES;
				CLANG_WARN_EMPTY_BODY = YES;
				CLANG_WARN_ENUM_CONVERSION = YES;
				CLANG_WARN_INFINITE_RECURSION = YES;
				CLANG_WARN_INT_CONVERSION = YES;
				CLANG_WARN_NON_LITERAL_NULL_CONVERSION = YES;
				CLANG_WARN_OBJC_IMPLICIT_RETAIN_SELF = YES;
				CLANG_WARN_OBJC_LITERAL_CONVERSION = YES;
				CLANG_WARN_OBJC_ROOT_CLASS = YES_ERROR;
				CLANG_WARN_QUOTED_INCLUDE_IN_FRAMEWORK_HEADER = YES;
				CLANG_WARN_RANGE_LOOP_ANALYSIS = YES;
				CLANG_WARN_STRICT_PROTOTYPES = YES;
				CLANG_WARN_SUSPICIOUS_MOVE = YES;
				CLANG_WARN_UNGUARDED_AVAILABILITY = YES_AGGRESSIVE;
				CLANG_WARN_UNREACHABLE_CODE = YES;
				CLANG_WARN__DUPLICATE_METHOD_MATCH = YES;
				COPY_PHASE_STRIP = NO;
				DEBUG_INFORMATION_FORMAT = dwarf;
				ENABLE_STRICT_OBJC_MSGSEND = YES;
				ENABLE_TESTABILITY = YES;
				GCC_C_LANGUAGE_STANDARD = gnu11;
				GCC_DYNAMIC_NO_PIC = NO;
				GCC_NO_COMMON_BLOCKS = YES;
				GCC_OPTIMIZATION_LEVEL = 0;
				GCC_PREPROCESSOR_DEFINITIONS = (
					"DEBUG=1",
					"$(inherited)",
				);
				GCC_WARN_64_TO_32_BIT_CONVERSION = YES;
				GCC_WARN_ABOUT_RETURN_TYPE = YES_ERROR;
				GCC_WARN_UNDECLARED_SELECTOR = YES;
				GCC_WARN_UNINITIALIZED_AUTOS = YES_AGGRESSIVE;
				GCC_WARN_UNUSED_FUNCTION = YES;
				GCC_WARN_UNUSED_VARIABLE = YES;
				IPHONEOS_DEPLOYMENT_TARGET = 14.0;
				MTL_ENABLE_DEBUG_INFO = INCLUDE_SOURCE;
				MTL_FAST_MATH = YES;
				ONLY_ACTIVE_ARCH = YES;
				SDKROOT = iphoneos;
				SWIFT_ACTIVE_COMPILATION_CONDITIONS = DEBUG;
				SWIFT_OPTIMIZATION_LEVEL = "-Onone";
			};
			name = Debug;
		};
		04C753232520C39A004C9B82 /* Release */ = {
			isa = XCBuildConfiguration;
			buildSettings = {
				ALWAYS_SEARCH_USER_PATHS = NO;
				CLANG_ANALYZER_NONNULL = YES;
				CLANG_ANALYZER_NUMBER_OBJECT_CONVERSION = YES_AGGRESSIVE;
				CLANG_CXX_LANGUAGE_STANDARD = "gnu++14";
				CLANG_CXX_LIBRARY = "libc++";
				CLANG_ENABLE_MODULES = YES;
				CLANG_ENABLE_OBJC_ARC = YES;
				CLANG_ENABLE_OBJC_WEAK = YES;
				CLANG_WARN_BLOCK_CAPTURE_AUTORELEASING = YES;
				CLANG_WARN_BOOL_CONVERSION = YES;
				CLANG_WARN_COMMA = YES;
				CLANG_WARN_CONSTANT_CONVERSION = YES;
				CLANG_WARN_DEPRECATED_OBJC_IMPLEMENTATIONS = YES;
				CLANG_WARN_DIRECT_OBJC_ISA_USAGE = YES_ERROR;
				CLANG_WARN_DOCUMENTATION_COMMENTS = YES;
				CLANG_WARN_EMPTY_BODY = YES;
				CLANG_WARN_ENUM_CONVERSION = YES;
				CLANG_WARN_INFINITE_RECURSION = YES;
				CLANG_WARN_INT_CONVERSION = YES;
				CLANG_WARN_NON_LITERAL_NULL_CONVERSION = YES;
				CLANG_WARN_OBJC_IMPLICIT_RETAIN_SELF = YES;
				CLANG_WARN_OBJC_LITERAL_CONVERSION = YES;
				CLANG_WARN_OBJC_ROOT_CLASS = YES_ERROR;
				CLANG_WARN_QUOTED_INCLUDE_IN_FRAMEWORK_HEADER = YES;
				CLANG_WARN_RANGE_LOOP_ANALYSIS = YES;
				CLANG_WARN_STRICT_PROTOTYPES = YES;
				CLANG_WARN_SUSPICIOUS_MOVE = YES;
				CLANG_WARN_UNGUARDED_AVAILABILITY = YES_AGGRESSIVE;
				CLANG_WARN_UNREACHABLE_CODE = YES;
				CLANG_WARN__DUPLICATE_METHOD_MATCH = YES;
				COPY_PHASE_STRIP = NO;
				DEBUG_INFORMATION_FORMAT = "dwarf-with-dsym";
				ENABLE_NS_ASSERTIONS = NO;
				ENABLE_STRICT_OBJC_MSGSEND = YES;
				GCC_C_LANGUAGE_STANDARD = gnu11;
				GCC_NO_COMMON_BLOCKS = YES;
				GCC_WARN_64_TO_32_BIT_CONVERSION = YES;
				GCC_WARN_ABOUT_RETURN_TYPE = YES_ERROR;
				GCC_WARN_UNDECLARED_SELECTOR = YES;
				GCC_WARN_UNINITIALIZED_AUTOS = YES_AGGRESSIVE;
				GCC_WARN_UNUSED_FUNCTION = YES;
				GCC_WARN_UNUSED_VARIABLE = YES;
				IPHONEOS_DEPLOYMENT_TARGET = 14.0;
				MTL_ENABLE_DEBUG_INFO = NO;
				MTL_FAST_MATH = YES;
				SDKROOT = iphoneos;
				SWIFT_COMPILATION_MODE = wholemodule;
				SWIFT_OPTIMIZATION_LEVEL = "-O";
				VALIDATE_PRODUCT = YES;
			};
			name = Release;
		};
		04C753252520C39A004C9B82 /* Debug */ = {
			isa = XCBuildConfiguration;
			buildSettings = {
				ASSETCATALOG_COMPILER_APPICON_NAME = AppIcon;
				ASSETCATALOG_COMPILER_GLOBAL_ACCENT_COLOR_NAME = AccentColor;
				CODE_SIGN_STYLE = Automatic;
				DEVELOPMENT_TEAM = 8D4SVADJV4;
				INFOPLIST_FILE = MapApp/Info.plist;
				LD_RUNPATH_SEARCH_PATHS = (
					"$(inherited)",
					"@executable_path/Frameworks",
				);
				PRODUCT_BUNDLE_IDENTIFIER = Kerollos.Nabil.Fahmy.KNF.MapApp;
				PRODUCT_NAME = "$(TARGET_NAME)";
				SWIFT_VERSION = 5.0;
				TARGETED_DEVICE_FAMILY = "1,2";
			};
			name = Debug;
		};
		04C753262520C39A004C9B82 /* Release */ = {
			isa = XCBuildConfiguration;
			buildSettings = {
				ASSETCATALOG_COMPILER_APPICON_NAME = AppIcon;
				ASSETCATALOG_COMPILER_GLOBAL_ACCENT_COLOR_NAME = AccentColor;
				CODE_SIGN_STYLE = Automatic;
				DEVELOPMENT_TEAM = 8D4SVADJV4;
				INFOPLIST_FILE = MapApp/Info.plist;
				LD_RUNPATH_SEARCH_PATHS = (
					"$(inherited)",
					"@executable_path/Frameworks",
				);
				PRODUCT_BUNDLE_IDENTIFIER = Kerollos.Nabil.Fahmy.KNF.MapApp;
				PRODUCT_NAME = "$(TARGET_NAME)";
				SWIFT_VERSION = 5.0;
				TARGETED_DEVICE_FAMILY = "1,2";
			};
			name = Release;
		};
		04C753282520C39A004C9B82 /* Debug */ = {
			isa = XCBuildConfiguration;
			buildSettings = {
				ALWAYS_EMBED_SWIFT_STANDARD_LIBRARIES = YES;
				BUNDLE_LOADER = "$(TEST_HOST)";
				CODE_SIGN_STYLE = Automatic;
				DEVELOPMENT_TEAM = 8D4SVADJV4;
				INFOPLIST_FILE = MapAppTests/Info.plist;
				IPHONEOS_DEPLOYMENT_TARGET = 14.0;
				LD_RUNPATH_SEARCH_PATHS = (
					"$(inherited)",
					"@executable_path/Frameworks",
					"@loader_path/Frameworks",
				);
				PRODUCT_BUNDLE_IDENTIFIER = Kerollos.Nabil.Fahmy.KNF.MapAppTests;
				PRODUCT_NAME = "$(TARGET_NAME)";
				SWIFT_VERSION = 5.0;
				TARGETED_DEVICE_FAMILY = "1,2";
				TEST_HOST = "$(BUILT_PRODUCTS_DIR)/MapApp.app/MapApp";
			};
			name = Debug;
		};
		04C753292520C39A004C9B82 /* Release */ = {
			isa = XCBuildConfiguration;
			buildSettings = {
				ALWAYS_EMBED_SWIFT_STANDARD_LIBRARIES = YES;
				BUNDLE_LOADER = "$(TEST_HOST)";
				CODE_SIGN_STYLE = Automatic;
				DEVELOPMENT_TEAM = 8D4SVADJV4;
				INFOPLIST_FILE = MapAppTests/Info.plist;
				IPHONEOS_DEPLOYMENT_TARGET = 14.0;
				LD_RUNPATH_SEARCH_PATHS = (
					"$(inherited)",
					"@executable_path/Frameworks",
					"@loader_path/Frameworks",
				);
				PRODUCT_BUNDLE_IDENTIFIER = Kerollos.Nabil.Fahmy.KNF.MapAppTests;
				PRODUCT_NAME = "$(TARGET_NAME)";
				SWIFT_VERSION = 5.0;
				TARGETED_DEVICE_FAMILY = "1,2";
				TEST_HOST = "$(BUILT_PRODUCTS_DIR)/MapApp.app/MapApp";
			};
			name = Release;
		};
		04C7532B2520C39A004C9B82 /* Debug */ = {
			isa = XCBuildConfiguration;
			buildSettings = {
				ALWAYS_EMBED_SWIFT_STANDARD_LIBRARIES = YES;
				CODE_SIGN_STYLE = Automatic;
				DEVELOPMENT_TEAM = 8D4SVADJV4;
				INFOPLIST_FILE = MapAppUITests/Info.plist;
				LD_RUNPATH_SEARCH_PATHS = (
					"$(inherited)",
					"@executable_path/Frameworks",
					"@loader_path/Frameworks",
				);
				PRODUCT_BUNDLE_IDENTIFIER = Kerollos.Nabil.Fahmy.KNF.MapAppUITests;
				PRODUCT_NAME = "$(TARGET_NAME)";
				SWIFT_VERSION = 5.0;
				TARGETED_DEVICE_FAMILY = "1,2";
				TEST_TARGET_NAME = MapApp;
			};
			name = Debug;
		};
		04C7532C2520C39A004C9B82 /* Release */ = {
			isa = XCBuildConfiguration;
			buildSettings = {
				ALWAYS_EMBED_SWIFT_STANDARD_LIBRARIES = YES;
				CODE_SIGN_STYLE = Automatic;
				DEVELOPMENT_TEAM = 8D4SVADJV4;
				INFOPLIST_FILE = MapAppUITests/Info.plist;
				LD_RUNPATH_SEARCH_PATHS = (
					"$(inherited)",
					"@executable_path/Frameworks",
					"@loader_path/Frameworks",
				);
				PRODUCT_BUNDLE_IDENTIFIER = Kerollos.Nabil.Fahmy.KNF.MapAppUITests;
				PRODUCT_NAME = "$(TARGET_NAME)";
				SWIFT_VERSION = 5.0;
				TARGETED_DEVICE_FAMILY = "1,2";
				TEST_TARGET_NAME = MapApp;
			};
			name = Release;
		};
/* End XCBuildConfiguration section */

/* Begin XCConfigurationList section */
		04C752F52520C397004C9B82 /* Build configuration list for PBXProject "MapApp" */ = {
			isa = XCConfigurationList;
			buildConfigurations = (
				04C753222520C39A004C9B82 /* Debug */,
				04C753232520C39A004C9B82 /* Release */,
			);
			defaultConfigurationIsVisible = 0;
			defaultConfigurationName = Release;
		};
		04C753242520C39A004C9B82 /* Build configuration list for PBXNativeTarget "MapApp" */ = {
			isa = XCConfigurationList;
			buildConfigurations = (
				04C753252520C39A004C9B82 /* Debug */,
				04C753262520C39A004C9B82 /* Release */,
			);
			defaultConfigurationIsVisible = 0;
			defaultConfigurationName = Release;
		};
		04C753272520C39A004C9B82 /* Build configuration list for PBXNativeTarget "MapAppTests" */ = {
			isa = XCConfigurationList;
			buildConfigurations = (
				04C753282520C39A004C9B82 /* Debug */,
				04C753292520C39A004C9B82 /* Release */,
			);
			defaultConfigurationIsVisible = 0;
			defaultConfigurationName = Release;
		};
		04C7532A2520C39A004C9B82 /* Build configuration list for PBXNativeTarget "MapAppUITests" */ = {
			isa = XCConfigurationList;
			buildConfigurations = (
				04C7532B2520C39A004C9B82 /* Debug */,
				04C7532C2520C39A004C9B82 /* Release */,
			);
			defaultConfigurationIsVisible = 0;
			defaultConfigurationName = Release;
		};
/* End XCConfigurationList section */
	};
	rootObject = 04C752F22520C397004C9B82 /* Project object */;
}
